
Microsoft Visual Studio Solution File, Format Version 12.00
# Visual Studio Version 16
VisualStudioVersion = 16.0.29521.150
MinimumVisualStudioVersion = 10.0.40219.1
Project("{FAE04EC0-301F-11D3-BF4B-00C04F79EFBC}") = "WebModel", "WebModel\WebModel.csproj", "{98999309-52D5-47ED-A95C-C64AD180B2DE}"
EndProject
Project("{FAE04EC0-301F-11D3-BF4B-00C04F79EFBC}") = "WebService", "WebService\WebService.csproj", "{A22F8C43-1ED6-4B48-B593-7D66607685F3}"
EndProject
Project("{FAE04EC0-301F-11D3-BF4B-00C04F79EFBC}") = "WebData", "WebData\WebData.csproj", "{27B17EDB-97CE-4FA0-91CB-926094CEFB9E}"
EndProject
Project("{FAE04EC0-301F-11D3-BF4B-00C04F79EFBC}") = "WebCommon", "WebCommon\WebCommon.csproj", "{121F554A-C530-455B-B0F6-430A192F028C}"
EndProject
Project("{FAE04EC0-301F-11D3-BF4B-00C04F79EFBC}") = "WebUnitTest", "WebUnitTest\WebUnitTest.csproj", "{953A2223-8E73-4D8A-8EE1-A4070E1FFD59}"
EndProject
Project("{F184B08F-C81C-45F6-A57F-5ABD9991F28F}") = "WebBanHang", "WebBanHang\WebBanHang.vbproj", "{AC7FB57A-BD2F-406E-8A19-1DD603B52EE1}"
EndProject
Global
	GlobalSection(SolutionConfigurationPlatforms) = preSolution
		Debug|Any CPU = Debug|Any CPU
		Release|Any CPU = Release|Any CPU
	EndGlobalSection
	GlobalSection(ProjectConfigurationPlatforms) = postSolution
		{98999309-52D5-47ED-A95C-C64AD180B2DE}.Debug|Any CPU.ActiveCfg = Debug|Any CPU
		{98999309-52D5-47ED-A95C-C64AD180B2DE}.Debug|Any CPU.Build.0 = Debug|Any CPU
		{98999309-52D5-47ED-A95C-C64AD180B2DE}.Release|Any CPU.ActiveCfg = Release|Any CPU
		{98999309-52D5-47ED-A95C-C64AD180B2DE}.Release|Any CPU.Build.0 = Release|Any CPU
		{A22F8C43-1ED6-4B48-B593-7D66607685F3}.Debug|Any CPU.ActiveCfg = Debug|Any CPU
		{A22F8C43-1ED6-4B48-B593-7D66607685F3}.Debug|Any CPU.Build.0 = Debug|Any CPU
		{A22F8C43-1ED6-4B48-B593-7D66607685F3}.Release|Any CPU.ActiveCfg = Release|Any CPU
		{A22F8C43-1ED6-4B48-B593-7D66607685F3}.Release|Any CPU.Build.0 = Release|Any CPU
		{27B17EDB-97CE-4FA0-91CB-926094CEFB9E}.Debug|Any CPU.ActiveCfg = Debug|Any CPU
		{27B17EDB-97CE-4FA0-91CB-926094CEFB9E}.Debug|Any CPU.Build.0 = Debug|Any CPU
		{27B17EDB-97CE-4FA0-91CB-926094CEFB9E}.Release|Any CPU.ActiveCfg = Release|Any CPU
		{27B17EDB-97CE-4FA0-91CB-926094CEFB9E}.Release|Any CPU.Build.0 = Release|Any CPU
		{121F554A-C530-455B-B0F6-430A192F028C}.Debug|Any CPU.ActiveCfg = Debug|Any CPU
		{121F554A-C530-455B-B0F6-430A192F028C}.Debug|Any CPU.Build.0 = Debug|Any CPU
		{121F554A-C530-455B-B0F6-430A192F028C}.Release|Any CPU.ActiveCfg = Release|Any CPU
		{121F554A-C530-455B-B0F6-430A192F028C}.Release|Any CPU.Build.0 = Release|Any CPU
		{953A2223-8E73-4D8A-8EE1-A4070E1FFD59}.Debug|Any CPU.ActiveCfg = Debug|Any CPU
		{953A2223-8E73-4D8A-8EE1-A4070E1FFD59}.Debug|Any CPU.Build.0 = Debug|Any CPU
		{953A2223-8E73-4D8A-8EE1-A4070E1FFD59}.Release|Any CPU.ActiveCfg = Release|Any CPU
		{953A2223-8E73-4D8A-8EE1-A4070E1FFD59}.Release|Any CPU.Build.0 = Release|Any CPU
		{AC7FB57A-BD2F-406E-8A19-1DD603B52EE1}.Debug|Any CPU.ActiveCfg = Debug|Any CPU
		{AC7FB57A-BD2F-406E-8A19-1DD603B52EE1}.Debug|Any CPU.Build.0 = Debug|Any CPU
		{AC7FB57A-BD2F-406E-8A19-1DD603B52EE1}.Release|Any CPU.ActiveCfg = Release|Any CPU
		{AC7FB57A-BD2F-406E-8A19-1DD603B52EE1}.Release|Any CPU.Build.0 = Release|Any CPU
	EndGlobalSection
	GlobalSection(SolutionProperties) = preSolution
		HideSolutionNode = FALSE
	EndGlobalSection
	GlobalSection(ExtensibilityGlobals) = postSolution
		SolutionGuid = {82481EE1-2D6D-4C9C-AEDA-3473834E67A2}
	EndGlobalSection
EndGlobal
